// !$*UTF8*$!
{
	archiveVersion = 1;
	classes = {
	};
	objectVersion = 46;
	objects = {

/* Begin PBXBuildFile section */
		E821BBC21AE77AAF009BC356 /* main.m in Sources */ = {isa = PBXBuildFile; fileRef = E821BBC11AE77AAF009BC356 /* main.m */; };
		E821BBC51AE77AAF009BC356 /* AppDelegate.m in Sources */ = {isa = PBXBuildFile; fileRef = E821BBC41AE77AAF009BC356 /* AppDelegate.m */; };
		E821BBC81AE77AAF009BC356 /* MasterViewController.m in Sources */ = {isa = PBXBuildFile; fileRef = E821BBC71AE77AAF009BC356 /* MasterViewController.m */; };
		E821BBCB1AE77AAF009BC356 /* DetailViewController.m in Sources */ = {isa = PBXBuildFile; fileRef = E821BBCA1AE77AAF009BC356 /* DetailViewController.m */; };
		E821BBCE1AE77AAF009BC356 /* Main.storyboard in Resources */ = {isa = PBXBuildFile; fileRef = E821BBCC1AE77AAF009BC356 /* Main.storyboard */; };
		E821BBD01AE77AAF009BC356 /* Images.xcassets in Resources */ = {isa = PBXBuildFile; fileRef = E821BBCF1AE77AAF009BC356 /* Images.xcassets */; };
		E821BBD31AE77AAF009BC356 /* LaunchScreen.xib in Resources */ = {isa = PBXBuildFile; fileRef = E821BBD11AE77AAF009BC356 /* LaunchScreen.xib */; };
		E821BBDF1AE77AAF009BC356 /* visualEffectTests.m in Sources */ = {isa = PBXBuildFile; fileRef = E821BBDE1AE77AAF009BC356 /* visualEffectTests.m */; };
		E821BBE91AE77B43009BC356 /* bg.jpg in Resources */ = {isa = PBXBuildFile; fileRef = E821BBE81AE77B43009BC356 /* bg.jpg */; };
/* End PBXBuildFile section */

/* Begin PBXContainerItemProxy section */
		E821BBD91AE77AAF009BC356 /* PBXContainerItemProxy */ = {
			isa = PBXContainerItemProxy;
			containerPortal = E821BBB41AE77AAF009BC356 /* Project object */;
			proxyType = 1;
			remoteGlobalIDString = E821BBBB1AE77AAF009BC356;
			remoteInfo = visualEffect;
		};
/* End PBXContainerItemProxy section */

/* Begin PBXFileReference section */
		E821BBBC1AE77AAF009BC356 /* visualEffect.app */ = {isa = PBXFileReference; explicitFileType = wrapper.application; includeInIndex = 0; path = visualEffect.app; sourceTree = BUILT_PRODUCTS_DIR; };
		E821BBC01AE77AAF009BC356 /* Info.plist */ = {isa = PBXFileReference; lastKnownFileType = text.plist.xml; path = Info.plist; sourceTree = "<group>"; };
		E821BBC11AE77AAF009BC356 /* main.m */ = {isa = PBXFileReference; lastKnownFileType = sourcecode.c.objc; path = main.m; sourceTree = "<group>"; };
		E821BBC31AE77AAF009BC356 /* AppDelegate.h */ = {isa = PBXFileReference; lastKnownFileType = sourcecode.c.h; path = AppDelegate.h; sourceTree = "<group>"; };
		E821BBC41AE77AAF009BC356 /* AppDelegate.m */ = {isa = PBXFileReference; lastKnownFileType = sourcecode.c.objc; path = AppDelegate.m; sourceTree = "<group>"; };
		E821BBC61AE77AAF009BC356 /* MasterViewController.h */ = {isa = PBXFileReference; lastKnownFileType = sourcecode.c.h; path = MasterViewController.h; sourceTree = "<group>"; };
		E821BBC71AE77AAF009BC356 /* MasterViewController.m */ = {isa = PBXFileReference; lastKnownFileType = sourcecode.c.objc; path = MasterViewController.m; sourceTree = "<group>"; };
		E821BBC91AE77AAF009BC356 /* DetailViewController.h */ = {isa = PBXFileReference; lastKnownFileType = sourcecode.c.h; path = DetailViewController.h; sourceTree = "<group>"; };
		E821BBCA1AE77AAF009BC356 /* DetailViewController.m */ = {isa = PBXFileReference; lastKnownFileType = sourcecode.c.objc; path = DetailViewController.m; sourceTree = "<group>"; };
		E821BBCD1AE77AAF009BC356 /* Base */ = {isa = PBXFileReference; lastKnownFileType = file.storyboard; name = Base; path = Base.lproj/Main.storyboard; sourceTree = "<group>"; };
		E821BBCF1AE77AAF009BC356 /* Images.xcassets */ = {isa = PBXFileReference; lastKnownFileType = folder.assetcatalog; path = Images.xcassets; sourceTree = "<group>"; };
		E821BBD21AE77AAF009BC356 /* Base */ = {isa = PBXFileReference; lastKnownFileType = file.xib; name = Base; path = Base.lproj/LaunchScreen.xib; sourceTree = "<group>"; };
		E821BBD81AE77AAF009BC356 /* visualEffectTests.xctest */ = {isa = PBXFileReference; explicitFileType = wrapper.cfbundle; includeInIndex = 0; path = visualEffectTests.xctest; sourceTree = BUILT_PRODUCTS_DIR; };
		E821BBDD1AE77AAF009BC356 /* Info.plist */ = {isa = PBXFileReference; lastKnownFileType = text.plist.xml; path = Info.plist; sourceTree = "<group>"; };
		E821BBDE1AE77AAF009BC356 /* visualEffectTests.m */ = {isa = PBXFileReference; lastKnownFileType = sourcecode.c.objc; path = visualEffectTests.m; sourceTree = "<group>"; };
		E821BBE81AE77B43009BC356 /* bg.jpg */ = {isa = PBXFileReference; lastKnownFileType = image.jpeg; path = bg.jpg; sourceTree = "<group>"; };
/* End PBXFileReference section */

/* Begin PBXFrameworksBuildPhase section */
		E821BBB91AE77AAF009BC356 /* Frameworks */ = {
			isa = PBXFrameworksBuildPhase;
			buildActionMask = 2147483647;
			files = (
			);
			runOnlyForDeploymentPostprocessing = 0;
		};
		E821BBD51AE77AAF009BC356 /* Frameworks */ = {
			isa = PBXFrameworksBuildPhase;
			buildActionMask = 2147483647;
			files = (
			);
			runOnlyForDeploymentPostprocessing = 0;
		};
/* End PBXFrameworksBuildPhase section */

/* Begin PBXGroup section */
		E821BBB31AE77AAF009BC356 = {
			isa = PBXGroup;
			children = (
				E821BBBE1AE77AAF009BC356 /* visualEffect */,
				E821BBDB1AE77AAF009BC356 /* visualEffectTests */,
				E821BBBD1AE77AAF009BC356 /* Products */,
			);
			sourceTree = "<group>";
		};
		E821BBBD1AE77AAF009BC356 /* Products */ = {
			isa = PBXGroup;
			children = (
				E821BBBC1AE77AAF009BC356 /* visualEffect.app */,
				E821BBD81AE77AAF009BC356 /* visualEffectTests.xctest */,
			);
			name = Products;
			sourceTree = "<group>";
		};
		E821BBBE1AE77AAF009BC356 /* visualEffect */ = {
			isa = PBXGroup;
			children = (
				E821BBC31AE77AAF009BC356 /* AppDelegate.h */,
				E821BBC41AE77AAF009BC356 /* AppDelegate.m */,
				E821BBC61AE77AAF009BC356 /* MasterViewController.h */,
				E821BBC71AE77AAF009BC356 /* MasterViewController.m */,
				E821BBC91AE77AAF009BC356 /* DetailViewController.h */,
				E821BBCA1AE77AAF009BC356 /* DetailViewController.m */,
				E821BBCC1AE77AAF009BC356 /* Main.storyboard */,
				E821BBCF1AE77AAF009BC356 /* Images.xcassets */,
				E821BBD11AE77AAF009BC356 /* LaunchScreen.xib */,
				E821BBE81AE77B43009BC356 /* bg.jpg */,
				E821BBBF1AE77AAF009BC356 /* Supporting Files */,
			);
			path = visualEffect;
			sourceTree = "<group>";
		};
		E821BBBF1AE77AAF009BC356 /* Supporting Files */ = {
			isa = PBXGroup;
			children = (
				E821BBC01AE77AAF009BC356 /* Info.plist */,
				E821BBC11AE77AAF009BC356 /* main.m */,
			);
			name = "Supporting Files";
			sourceTree = "<group>";
		};
		E821BBDB1AE77AAF009BC356 /* visualEffectTests */ = {
			isa = PBXGroup;
			children = (
				E821BBDE1AE77AAF009BC356 /* visualEffectTests.m */,
				E821BBDC1AE77AAF009BC356 /* Supporting Files */,
			);
			path = visualEffectTests;
			sourceTree = "<group>";
		};
		E821BBDC1AE77AAF009BC356 /* Supporting Files */ = {
			isa = PBXGroup;
			children = (
				E821BBDD1AE77AAF009BC356 /* Info.plist */,
			);
			name = "Supporting Files";
			sourceTree = "<group>";
		};
/* End PBXGroup section */

/* Begin PBXNativeTarget section */
		E821BBBB1AE77AAF009BC356 /* visualEffect */ = {
			isa = PBXNativeTarget;
			buildConfigurationList = E821BBE21AE77AAF009BC356 /* Build configuration list for PBXNativeTarget "visualEffect" */;
			buildPhases = (
				E821BBB81AE77AAF009BC356 /* Sources */,
				E821BBB91AE77AAF009BC356 /* Frameworks */,
				E821BBBA1AE77AAF009BC356 /* Resources */,
			);
			buildRules = (
			);
			dependencies = (
			);
			name = visualEffect;
			productName = visualEffect;
			productReference = E821BBBC1AE77AAF009BC356 /* visualEffect.app */;
			productType = "com.apple.product-type.application";
		};
		E821BBD71AE77AAF009BC356 /* visualEffectTests */ = {
			isa = PBXNativeTarget;
			buildConfigurationList = E821BBE51AE77AAF009BC356 /* Build configuration list for PBXNativeTarget "visualEffectTests" */;
			buildPhases = (
				E821BBD41AE77AAF009BC356 /* Sources */,
				E821BBD51AE77AAF009BC356 /* Frameworks */,
				E821BBD61AE77AAF009BC356 /* Resources */,
			);
			buildRules = (
			);
			dependencies = (
				E821BBDA1AE77AAF009BC356 /* PBXTargetDependency */,
			);
			name = visualEffectTests;
			productName = visualEffectTests;
			productReference = E821BBD81AE77AAF009BC356 /* visualEffectTests.xctest */;
			productType = "com.apple.product-type.bundle.unit-test";
		};
/* End PBXNativeTarget section */

/* Begin PBXProject section */
		E821BBB41AE77AAF009BC356 /* Project object */ = {
			isa = PBXProject;
			attributes = {
				LastUpgradeCheck = 0630;
				ORGANIZATIONNAME = lipeng;
				TargetAttributes = {
					E821BBBB1AE77AAF009BC356 = {
						CreatedOnToolsVersion = 6.3;
					};
					E821BBD71AE77AAF009BC356 = {
						CreatedOnToolsVersion = 6.3;
						TestTargetID = E821BBBB1AE77AAF009BC356;
					};
				};
			};
			buildConfigurationList = E821BBB71AE77AAF009BC356 /* Build configuration list for PBXProject "visualEffect" */;
			compatibilityVersion = "Xcode 3.2";
			developmentRegion = English;
			hasScannedForEncodings = 0;
			knownRegions = (
				en,
				Base,
			);
			mainGroup = E821BBB31AE77AAF009BC356;
			productRefGroup = E821BBBD1AE77AAF009BC356 /* Products */;
			projectDirPath = "";
			projectRoot = "";
			targets = (
				E821BBBB1AE77AAF009BC356 /* visualEffect */,
				E821BBD71AE77AAF009BC356 /* visualEffectTests */,
			);
		};
/* End PBXProject section */

/* Begin PBXResourcesBuildPhase section */
		E821BBBA1AE77AAF009BC356 /* Resources */ = {
			isa = PBXResourcesBuildPhase;
			buildActionMask = 2147483647;
			files = (
				E821BBCE1AE77AAF009BC356 /* Main.storyboard in Resources */,
				E821BBD31AE77AAF009BC356 /* LaunchScreen.xib in Resources */,
				E821BBE91AE77B43009BC356 /* bg.jpg in Resources */,
				E821BBD01AE77AAF009BC356 /* Images.xcassets in Resources */,
			);
			runOnlyForDeploymentPostprocessing = 0;
		};
		E821BBD61AE77AAF009BC356 /* Resources */ = {
			isa = PBXResourcesBuildPhase;
			buildActionMask = 2147483647;
			files = (
			);
			runOnlyForDeploymentPostprocessing = 0;
		};
/* End PBXResourcesBuildPhase section */

/* Begin PBXSourcesBuildPhase section */
		E821BBB81AE77AAF009BC356 /* Sources */ = {
			isa = PBXSourcesBuildPhase;
			buildActionMask = 2147483647;
			files = (
				E821BBC51AE77AAF009BC356 /* AppDelegate.m in Sources */,
				E821BBC81AE77AAF009BC356 /* MasterViewController.m in Sources */,
				E821BBC21AE77AAF009BC356 /* main.m in Sources */,
				E821BBCB1AE77AAF009BC356 /* DetailViewController.m in Sources */,
			);
			runOnlyForDeploymentPostprocessing = 0;
		};
		E821BBD41AE77AAF009BC356 /* Sources */ = {
			isa = PBXSourcesBuildPhase;
			buildActionMask = 2147483647;
			files = (
				E821BBDF1AE77AAF009BC356 /* visualEffectTests.m in Sources */,
			);
			runOnlyForDeploymentPostprocessing = 0;
		};
/* End PBXSourcesBuildPhase section */

/* Begin PBXTargetDependency section */
		E821BBDA1AE77AAF009BC356 /* PBXTargetDependency */ = {
			isa = PBXTargetDependency;
			target = E821BBBB1AE77AAF009BC356 /* visualEffect */;
			targetProxy = E821BBD91AE77AAF009BC356 /* PBXContainerItemProxy */;
		};
/* End PBXTargetDependency section */

/* Begin PBXVariantGroup section */
		E821BBCC1AE77AAF009BC356 /* Main.storyboard */ = {
			isa = PBXVariantGroup;
			children = (
				E821BBCD1AE77AAF009BC356 /* Base */,
			);
			name = Main.storyboard;
			sourceTree = "<group>";
		};
		E821BBD11AE77AAF009BC356 /* LaunchScreen.xib */ = {
			isa = PBXVariantGroup;
			children = (
				E821BBD21AE77AAF009BC356 /* Base */,
			);
			name = LaunchScreen.xib;
			sourceTree = "<group>";
		};
/* End PBXVariantGroup section */

/* Begin XCBuildConfiguration section */
		E821BBE01AE77AAF009BC356 /* Debug */ = {
			isa = XCBuildConfiguration;
			buildSettings = {
				ALWAYS_SEARCH_USER_PATHS = NO;
				CLANG_CXX_LANGUAGE_STANDARD = "gnu++0x";
				CLANG_CXX_LIBRARY = "libc++";
				CLANG_ENABLE_MODULES = YES;
				CLANG_ENABLE_OBJC_ARC = YES;
				CLANG_WARN_BOOL_CONVERSION = YES;
				CLANG_WARN_CONSTANT_CONVERSION = YES;
				CLANG_WARN_DIRECT_OBJC_ISA_USAGE = YES_ERROR;
				CLANG_WARN_EMPTY_BODY = YES;
				CLANG_WARN_ENUM_CONVERSION = YES;
				CLANG_WARN_INT_CONVERSION = YES;
				CLANG_WARN_OBJC_ROOT_CLASS = YES_ERROR;
				CLANG_WARN_UNREACHABLE_CODE = YES;
				CLANG_WARN__DUPLICATE_METHOD_MATCH = YES;
				"CODE_SIGN_IDENTITY[sdk=iphoneos*]" = "iPhone Developer";
				COPY_PHASE_STRIP = NO;
				DEBUG_INFORMATION_FORMAT = "dwarf-with-dsym";
				ENABLE_STRICT_OBJC_MSGSEND = YES;
				GCC_C_LANGUAGE_STANDARD = gnu99;
				GCC_DYNAMIC_NO_PIC = NO;
				GCC_NO_COMMON_BLOCKS = YES;
				GCC_OPTIMIZATION_LEVEL = 0;
				GCC_PREPROCESSOR_DEFINITIONS = (
					"DEBUG=1",
					"$(inherited)",
				);
				GCC_SYMBOLS_PRIVATE_EXTERN = NO;
				GCC_WARN_64_TO_32_BIT_CONVERSION = YES;
				GCC_WARN_ABOUT_RETURN_TYPE = YES_ERROR;
				GCC_WARN_UNDECLARED_SELECTOR = YES;
				GCC_WARN_UNINITIALIZED_AUTOS = YES_AGGRESSIVE;
				GCC_WARN_UNUSED_FUNCTION = YES;
				GCC_WARN_UNUSED_VARIABLE = YES;
				IPHONEOS_DEPLOYMENT_TARGET = 8.3;
				MTL_ENABLE_DEBUG_INFO = YES;
				ONLY_ACTIVE_ARCH = YES;
				SDKROOT = iphoneos;
				TARGETED_DEVICE_FAMILY = "1,2";
			};
			name = Debug;
		};
		E821BBE11AE77AAF009BC356 /* Release */ = {
			isa = XCBuildConfiguration;
			buildSettings = {
				ALWAYS_SEARCH_USER_PATHS = NO;
				CLANG_CXX_LANGUAGE_STANDARD = "gnu++0x";
				CLANG_CXX_LIBRARY = "libc++";
				CLANG_ENABLE_MODULES = YES;
				CLANG_ENABLE_OBJC_ARC = YES;
				CLANG_WARN_BOOL_CONVERSION = YES;
				CLANG_WARN_CONSTANT_CONVERSION = YES;
				CLANG_WARN_DIRECT_OBJC_ISA_USAGE = YES_ERROR;
				CLANG_WARN_EMPTY_BODY = YES;
				CLANG_WARN_ENUM_CONVERSION = YES;
				CLANG_WARN_INT_CONVERSION = YES;
				CLANG_WARN_OBJC_ROOT_CLASS = YES_ERROR;
				CLANG_WARN_UNREACHABLE_CODE = YES;
				CLANG_WARN__DUPLICATE_METHOD_MATCH = YES;
				"CODE_SIGN_IDENTITY[sdk=iphoneos*]" = "iPhone Developer";
				COPY_PHASE_STRIP = NO;
				DEBUG_INFORMATION_FORMAT = "dwarf-with-dsym";
				ENABLE_NS_ASSERTIONS = NO;
				ENABLE_STRICT_OBJC_MSGSEND = YES;
				GCC_C_LANGUAGE_STANDARD = gnu99;
				GCC_NO_COMMON_BLOCKS = YES;
				GCC_WARN_64_TO_32_BIT_CONVERSION = YES;
				GCC_WARN_ABOUT_RETURN_TYPE = YES_ERROR;
				GCC_WARN_UNDECLARED_SELECTOR = YES;
				GCC_WARN_UNINITIALIZED_AUTOS = YES_AGGRESSIVE;
				GCC_WARN_UNUSED_FUNCTION = YES;
				GCC_WARN_UNUSED_VARIABLE = YES;
				IPHONEOS_DEPLOYMENT_TARGET = 8.3;
				MTL_ENABLE_DEBUG_INFO = NO;
				SDKROOT = iphoneos;
				TARGETED_DEVICE_FAMILY = "1,2";
				VALIDATE_PRODUCT = YES;
			};
			name = Release;
		};
		E821BBE31AE77AAF009BC356 /* Debug */ = {
			isa = XCBuildConfiguration;
			buildSettings = {
				ASSETCATALOG_COMPILER_APPICON_NAME = AppIcon;
				INFOPLIST_FILE = visualEffect/Info.plist;
				LD_RUNPATH_SEARCH_PATHS = "$(inherited) @executable_path/Frameworks";
				PRODUCT_NAME = "$(TARGET_NAME)";
			};
			name = Debug;
		};
		E821BBE41AE77AAF009BC356 /* Release */ = {
			isa = XCBuildConfiguration;
			buildSettings = {
				ASSETCATALOG_COMPILER_APPICON_NAME = AppIcon;
				INFOPLIST_FILE = visualEffect/Info.plist;
				LD_RUNPATH_SEARCH_PATHS = "$(inherited) @executable_path/Frameworks";
				PRODUCT_NAME = "$(TARGET_NAME)";
			};
			name = Release;
		};
		E821BBE61AE77AAF009BC356 /* Debug */ = {
			isa = XCBuildConfiguration;
			buildSettings = {
				BUNDLE_LOADER = "$(TEST_HOST)";
				FRAMEWORK_SEARCH_PATHS = (
					"$(SDKROOT)/Developer/Library/Frameworks",
					"$(inherited)",
				);
				GCC_PREPROCESSOR_DEFINITIONS = (
					"DEBUG=1",
					"$(inherited)",
				);
				INFOPLIST_FILE = visualEffectTests/Info.plist;
				LD_RUNPATH_SEARCH_PATHS = "$(inherited) @executable_path/Frameworks @loader_path/Frameworks";
				PRODUCT_NAME = "$(TARGET_NAME)";
				TEST_HOST = "$(BUILT_PRODUCTS_DIR)/visualEffect.app/visualEffect";
			};
			name = Debug;
		};
		E821BBE71AE77AAF009BC356 /* Release */ = {
			isa = XCBuildConfiguration;
			buildSettings = {
				BUNDLE_LOADER = "$(TEST_HOST)";
				FRAMEWORK_SEARCH_PATHS = (
					"$(SDKROOT)/Developer/Library/Frameworks",
					"$(inherited)",
				);
				INFOPLIST_FILE = visualEffectTests/Info.plist;
				LD_RUNPATH_SEARCH_PATHS = "$(inherited) @executable_path/Frameworks @loader_path/Frameworks";
				PRODUCT_NAME = "$(TARGET_NAME)";
				TEST_HOST = "$(BUILT_PRODUCTS_DIR)/visualEffect.app/visualEffect";
			};
			name = Release;
		};
/* End XCBuildConfiguration section */

/* Begin XCConfigurationList section */
		E821BBB71AE77AAF009BC356 /* Build configuration list for PBXProject "visualEffect" */ = {
			isa = XCConfigurationList;
			buildConfigurations = (
				E821BBE01AE77AAF009BC356 /* Debug */,
				E821BBE11AE77AAF009BC356 /* Release */,
			);
			defaultConfigurationIsVisible = 0;
			defaultConfigurationName = Release;
		};
		E821BBE21AE77AAF009BC356 /* Build configuration list for PBXNativeTarget "visualEffect" */ = {
			isa = XCConfigurationList;
			buildConfigurations = (
				E821BBE31AE77AAF009BC356 /* Debug */,
				E821BBE41AE77AAF009BC356 /* Release */,
			);
			defaultConfigurationIsVisible = 0;
		};
		E821BBE51AE77AAF009BC356 /* Build configuration list for PBXNativeTarget "visualEffectTests" */ = {
			isa = XCConfigurationList;
			buildConfigurations = (
				E821BBE61AE77AAF009BC356 /* Debug */,
				E821BBE71AE77AAF009BC356 /* Release */,
			);
			defaultConfigurationIsVisible = 0;
		};
/* End XCConfigurationList section */
	};
	rootObject = E821BBB41AE77AAF009BC356 /* Project object */;
}
